<?xml version="1.0" encoding="utf-8"?>
<Project ToolsVersion="4.0" xmlns="http://schemas.microsoft.com/developer/msbuild/2003">
  <ItemGroup>
    <Filter Include="Default">
      <UniqueIdentifier>{3ba33283-a0fb-41fd-9123-edcb5be76461}</UniqueIdentifier>
    </Filter>
    <Filter Include="Default\리소스 파일">
      <UniqueIdentifier>{67DA6AB6-F800-4c08-8B7A-83BB121AAD01}</UniqueIdentifier>
      <Extensions>rc;ico;cur;bmp;dlg;rc2;rct;bin;rgs;gif;jpg;jpeg;jpe;resx;tiff;tif;png;wav;mfcribbon-ms</Extensions>
    </Filter>
    <Filter Include="00.Header">
      <UniqueIdentifier>{e0520a46-ee02-412c-8bcd-1018d432b94a}</UniqueIdentifier>
    </Filter>
    <Filter Include="01.Core">
      <UniqueIdentifier>{da343e06-176f-487e-9bed-ca38d4bf9d2c}</UniqueIdentifier>
    </Filter>
    <Filter Include="02.Manager">
      <UniqueIdentifier>{2e427a39-b1e9-450b-8191-1ef7d7b9cad7}</UniqueIdentifier>
    </Filter>
    <Filter Include="03.Object">
      <UniqueIdentifier>{d7275b3a-7f51-41b1-a49e-e915e9462c8b}</UniqueIdentifier>
    </Filter>
    <Filter Include="03.Object\CObject">
      <UniqueIdentifier>{6ac8bb6e-56ea-4a2b-9f00-50a8811ec4c6}</UniqueIdentifier>
    </Filter>
  </ItemGroup>
  <ItemGroup>
    <ClInclude Include="pch.h" />
    <ClInclude Include="define.h">
      <Filter>00.Header</Filter>
    </ClInclude>
    <ClInclude Include="CCore.h">
      <Filter>01.Core</Filter>
    </ClInclude>
    <ClInclude Include="framework.h">
      <Filter>Default</Filter>
    </ClInclude>
    <ClInclude Include="Resource.h">
      <Filter>Default</Filter>
    </ClInclude>
    <ClInclude Include="targetver.h">
      <Filter>Default</Filter>
    </ClInclude>
    <ClInclude Include="TestProject1.h">
      <Filter>Default</Filter>
    </ClInclude>
    <ClInclude Include="CTimeMgr.h">
      <Filter>02.Manager</Filter>
    </ClInclude>
    <ClInclude Include="CObject.h">
      <Filter>03.Object\CObject</Filter>
    </ClInclude>
    <ClInclude Include="CBackground.h">
      <Filter>03.Object</Filter>
    </ClInclude>
    <ClInclude Include="CUser.h">
      <Filter>03.Object</Filter>
    </ClInclude>
    <ClInclude Include="enum.h">
      <Filter>00.Header</Filter>
    </ClInclude>
  </ItemGroup>
  <ItemGroup>
    <ResourceCompile Include="TestProject1.rc">
      <Filter>Default\리소스 파일</Filter>
    </ResourceCompile>
  </ItemGroup>
  <ItemGroup>
    <Image Include="small.ico">
      <Filter>Default\리소스 파일</Filter>
    </Image>
    <Image Include="TestProject1.ico">
      <Filter>Default\리소스 파일</Filter>
    </Image>
  </ItemGroup>
  <ItemGroup>
    <ClCompile Include="TestProject1.cpp" />
    <ClCompile Include="CCore.cpp">
      <Filter>01.Core</Filter>
    </ClCompile>
    <ClCompile Include="CTimeMgr.cpp">
      <Filter>02.Manager</Filter>
    </ClCompile>
    <ClCompile Include="CObject.cpp">
      <Filter>03.Object\CObject</Filter>
    </ClCompile>
    <ClCompile Include="CBackground.cpp">
      <Filter>03.Object</Filter>
    </ClCompile>
    <ClCompile Include="CUser.cpp">
      <Filter>03.Object</Filter>
    </ClCompile>
  </ItemGroup>
</Project>